{
  "name": "assets",
  "lockfileVersion": 2,
  "requires": true,
  "packages": {
    "": {
      "dependencies": {
        "@webcomponents/template": "^1.5.0",
        "child-replace-with-polyfill": "^1.0.1",
        "classlist-polyfill": "^1.2.0",
        "core-js": "^3.24.1",
        "formdata-polyfill": "^4.0.10",
        "mdn-polyfills": "^5.20.0",
        "new-event-polyfill": "^1.0.1",
        "phoenix": "file:../deps/phoenix",
        "phoenix_html": "file:../deps/phoenix_html",
        "phoenix_live_view": "file:../deps/phoenix_live_view",
        "shim-keyboard-event-key": "^1.0.3",
        "url-search-params-polyfill": "^8.1.1"
      }
    },
    "../deps/phoenix": {
      "version": "1.6.11",
      "license": "MIT"
    },
    "../deps/phoenix_html": {
      "version": "3.2.0"
    },
    "../deps/phoenix_live_view": {
      "version": "0.17.11",
      "license": "MIT"
    },
    "node_modules/@webcomponents/template": {
      "version": "1.5.0",
      "resolved": "https://registry.npmjs.org/@webcomponents/template/-/template-1.5.0.tgz",
      "integrity": "sha512-DPQgBAedzjsFD7rgv7b6OKmpHq5VTBUCLmYfDiov2FC2C79QGaz+4iNmlVAem5iSicvN8DWTwU1kZ48XYLtuqg=="
    },
    "node_modules/child-replace-with-polyfill": {
      "version": "1.0.1",
      "resolved": "https://registry.npmjs.org/child-replace-with-polyfill/-/child-replace-with-polyfill-1.0.1.tgz",
      "integrity": "sha512-BlTZAW4YN/rb5H/LkQC9h8i/PaylFkbTPs5z0xx/j3aje/2iQqfykfYMZY9O6herPhu3DB1fG6SmJa6LtolcnQ=="
    },
    "node_modules/classlist-polyfill": {
      "version": "1.2.0",
      "resolved": "https://registry.npmjs.org/classlist-polyfill/-/classlist-polyfill-1.2.0.tgz",
      "integrity": "sha512-GzIjNdcEtH4ieA2S8NmrSxv7DfEV5fmixQeyTmqmRmRJPGpRBaSnA2a0VrCjyT8iW8JjEdMbKzDotAJf+ajgaQ=="
    },
    "node_modules/core-js": {
      "version": "3.24.1",
      "resolved": "https://registry.npmjs.org/core-js/-/core-js-3.24.1.tgz",
      "integrity": "sha512-0QTBSYSUZ6Gq21utGzkfITDylE8jWC9Ne1D2MrhvlsZBI1x39OdDIVbzSqtgMndIy6BlHxBXpMGqzZmnztg2rg==",
      "hasInstallScript": true,
      "funding": {
        "type": "opencollective",
        "url": "https://opencollective.com/core-js"
      }
    },
    "node_modules/fetch-blob": {
      "version": "3.2.0",
      "resolved": "https://registry.npmjs.org/fetch-blob/-/fetch-blob-3.2.0.tgz",
      "integrity": "sha512-7yAQpD2UMJzLi1Dqv7qFYnPbaPx7ZfFK6PiIxQ4PfkGPyNyl2Ugx+a/umUonmKqjhM4DnfbMvdX6otXq83soQQ==",
      "funding": [
        {
          "type": "github",
          "url": "https://github.com/sponsors/jimmywarting"
        },
        {
          "type": "paypal",
          "url": "https://paypal.me/jimmywarting"
        }
      ],
      "dependencies": {
        "node-domexception": "^1.0.0",
        "web-streams-polyfill": "^3.0.3"
      },
      "engines": {
        "node": "^12.20 || >= 14.13"
      }
    },
    "node_modules/formdata-polyfill": {
      "version": "4.0.10",
      "resolved": "https://registry.npmjs.org/formdata-polyfill/-/formdata-polyfill-4.0.10.tgz",
      "integrity": "sha512-buewHzMvYL29jdeQTVILecSaZKnt/RJWjoZCF5OW60Z67/GmSLBkOFM7qh1PI3zFNtJbaZL5eQu1vLfazOwj4g==",
      "dependencies": {
        "fetch-blob": "^3.1.2"
      },
      "engines": {
        "node": ">=12.20.0"
      }
    },
    "node_modules/mdn-polyfills": {
      "version": "5.20.0",
      "resolved": "https://registry.npmjs.org/mdn-polyfills/-/mdn-polyfills-5.20.0.tgz",
      "integrity": "sha512-AbTv1ytcoOUAkxw6u5oo2QPf27kEZgxBAQr49jFb4i2VnTnFGfJbcIQ9UDBOdfNECeXsgkYFwB2BkdeTfOzztw=="
    },
    "node_modules/new-event-polyfill": {
      "version": "1.0.1",
      "resolved": "https://registry.npmjs.org/new-event-polyfill/-/new-event-polyfill-1.0.1.tgz",
      "integrity": "sha512-cgNgv9yb3C8xIz9mn9dp98bHVcBv1uxyCq/7R2ZiRC+joyLpgBWvLNJMDzoECnGUC7EAxLEnXh1SxHE0nAQ6gA=="
    },
    "node_modules/node-domexception": {
      "version": "1.0.0",
      "resolved": "https://registry.npmjs.org/node-domexception/-/node-domexception-1.0.0.tgz",
      "integrity": "sha512-/jKZoMpw0F8GRwl4/eLROPA3cfcXtLApP0QzLmUT/HuPCZWyB7IY9ZrMeKw2O/nFIqPQB3PVM9aYm0F312AXDQ==",
      "funding": [
        {
          "type": "github",
          "url": "https://github.com/sponsors/jimmywarting"
        },
        {
          "type": "github",
          "url": "https://paypal.me/jimmywarting"
        }
      ],
      "engines": {
        "node": ">=10.5.0"
      }
    },
    "node_modules/phoenix": {
      "resolved": "../deps/phoenix",
      "link": true
    },
    "node_modules/phoenix_html": {
      "resolved": "../deps/phoenix_html",
      "link": true
    },
    "node_modules/phoenix_live_view": {
      "resolved": "../deps/phoenix_live_view",
      "link": true
    },
    "node_modules/shim-keyboard-event-key": {
      "version": "1.0.3",
      "resolved": "https://registry.npmjs.org/shim-keyboard-event-key/-/shim-keyboard-event-key-1.0.3.tgz",
      "integrity": "sha512-PTNRkOxDlZ2+Xz4CbKJJsh/pe1DJdaC+b4HHV02A1aEWNmwh1g9am0ZiU/ktu3uVfQrY3yDHTOVhst3xpLhw2A=="
    },
    "node_modules/url-search-params-polyfill": {
      "version": "8.1.1",
      "resolved": "https://registry.npmjs.org/url-search-params-polyfill/-/url-search-params-polyfill-8.1.1.tgz",
      "integrity": "sha512-KmkCs6SjE6t4ihrfW9JelAPQIIIFbJweaaSLTh/4AO+c58JlDcb+GbdPt8yr5lRcFg4rPswRFRRhBGpWwh0K/Q=="
    },
    "node_modules/web-streams-polyfill": {
      "version": "3.2.1",
      "resolved": "https://registry.npmjs.org/web-streams-polyfill/-/web-streams-polyfill-3.2.1.tgz",
      "integrity": "sha512-e0MO3wdXWKrLbL0DgGnUV7WHVuw9OUvL4hjgnPkIeEvESk74gAITi5G606JtZPp39cd8HA9VQzCIvA49LpPN5Q==",
      "engines": {
        "node": ">= 8"
      }
    }
  },
  "dependencies": {
    "@webcomponents/template": {
      "version": "1.5.0",
      "resolved": "https://registry.npmjs.org/@webcomponents/template/-/template-1.5.0.tgz",
      "integrity": "sha512-DPQgBAedzjsFD7rgv7b6OKmpHq5VTBUCLmYfDiov2FC2C79QGaz+4iNmlVAem5iSicvN8DWTwU1kZ48XYLtuqg=="
    },
    "child-replace-with-polyfill": {
      "version": "1.0.1",
      "resolved": "https://registry.npmjs.org/child-replace-with-polyfill/-/child-replace-with-polyfill-1.0.1.tgz",
      "integrity": "sha512-BlTZAW4YN/rb5H/LkQC9h8i/PaylFkbTPs5z0xx/j3aje/2iQqfykfYMZY9O6herPhu3DB1fG6SmJa6LtolcnQ=="
    },
    "classlist-polyfill": {
      "version": "1.2.0",
      "resolved": "https://registry.npmjs.org/classlist-polyfill/-/classlist-polyfill-1.2.0.tgz",
      "integrity": "sha512-GzIjNdcEtH4ieA2S8NmrSxv7DfEV5fmixQeyTmqmRmRJPGpRBaSnA2a0VrCjyT8iW8JjEdMbKzDotAJf+ajgaQ=="
    },
    "core-js": {
      "version": "3.24.1",
      "resolved": "https://registry.npmjs.org/core-js/-/core-js-3.24.1.tgz",
      "integrity": "sha512-0QTBSYSUZ6Gq21utGzkfITDylE8jWC9Ne1D2MrhvlsZBI1x39OdDIVbzSqtgMndIy6BlHxBXpMGqzZmnztg2rg=="
    },
    "fetch-blob": {
      "version": "3.2.0",
      "resolved": "https://registry.npmjs.org/fetch-blob/-/fetch-blob-3.2.0.tgz",
      "integrity": "sha512-7yAQpD2UMJzLi1Dqv7qFYnPbaPx7ZfFK6PiIxQ4PfkGPyNyl2Ugx+a/umUonmKqjhM4DnfbMvdX6otXq83soQQ==",
      "requires": {
        "node-domexception": "^1.0.0",
        "web-streams-polyfill": "^3.0.3"
      }
    },
    "formdata-polyfill": {
      "version": "4.0.10",
      "resolved": "https://registry.npmjs.org/formdata-polyfill/-/formdata-polyfill-4.0.10.tgz",
      "integrity": "sha512-buewHzMvYL29jdeQTVILecSaZKnt/RJWjoZCF5OW60Z67/GmSLBkOFM7qh1PI3zFNtJbaZL5eQu1vLfazOwj4g==",
      "requires": {
        "fetch-blob": "^3.1.2"
      }
    },
    "mdn-polyfills": {
      "version": "5.20.0",
      "resolved": "https://registry.npmjs.org/mdn-polyfills/-/mdn-polyfills-5.20.0.tgz",
      "integrity": "sha512-AbTv1ytcoOUAkxw6u5oo2QPf27kEZgxBAQr49jFb4i2VnTnFGfJbcIQ9UDBOdfNECeXsgkYFwB2BkdeTfOzztw=="
    },
    "new-event-polyfill": {
      "version": "1.0.1",
      "resolved": "https://registry.npmjs.org/new-event-polyfill/-/new-event-polyfill-1.0.1.tgz",
      "integrity": "sha512-cgNgv9yb3C8xIz9mn9dp98bHVcBv1uxyCq/7R2ZiRC+joyLpgBWvLNJMDzoECnGUC7EAxLEnXh1SxHE0nAQ6gA=="
    },
    "node-domexception": {
      "version": "1.0.0",
      "resolved": "https://registry.npmjs.org/node-domexception/-/node-domexception-1.0.0.tgz",
      "integrity": "sha512-/jKZoMpw0F8GRwl4/eLROPA3cfcXtLApP0QzLmUT/HuPCZWyB7IY9ZrMeKw2O/nFIqPQB3PVM9aYm0F312AXDQ=="
    },
    "phoenix": {
      "version": "file:../deps/phoenix"
    },
    "phoenix_html": {
      "version": "file:../deps/phoenix_html"
    },
    "phoenix_live_view": {
      "version": "file:../deps/phoenix_live_view"
    },
    "shim-keyboard-event-key": {
      "version": "1.0.3",
      "resolved": "https://registry.npmjs.org/shim-keyboard-event-key/-/shim-keyboard-event-key-1.0.3.tgz",
      "integrity": "sha512-PTNRkOxDlZ2+Xz4CbKJJsh/pe1DJdaC+b4HHV02A1aEWNmwh1g9am0ZiU/ktu3uVfQrY3yDHTOVhst3xpLhw2A=="
    },
    "url-search-params-polyfill": {
      "version": "8.1.1",
      "resolved": "https://registry.npmjs.org/url-search-params-polyfill/-/url-search-params-polyfill-8.1.1.tgz",
      "integrity": "sha512-KmkCs6SjE6t4ihrfW9JelAPQIIIFbJweaaSLTh/4AO+c58JlDcb+GbdPt8yr5lRcFg4rPswRFRRhBGpWwh0K/Q=="
    },
    "web-streams-polyfill": {
      "version": "3.2.1",
      "resolved": "https://registry.npmjs.org/web-streams-polyfill/-/web-streams-polyfill-3.2.1.tgz",
      "integrity": "sha512-e0MO3wdXWKrLbL0DgGnUV7WHVuw9OUvL4hjgnPkIeEvESk74gAITi5G606JtZPp39cd8HA9VQzCIvA49LpPN5Q=="
    }
  }
}
